hash: 4279ea2326693219a7def69135314ae061c5f7c53f52be956cbda5238278187d
updated: 2016-04-12T20:13:04.3468624+02:00
imports:
- name: github.com/dhconnelly/litebrite
  version: d33821eedd0798845f6c22a0ac3cf625c0394298
- name: github.com/russross/blackfriday
  version: d33821eedd0798845f6c22a0ac3cf625c0394298
- name: github.com/shurcooL/sanitized_anchor_name
  version: d33821eedd0798845f6c22a0ac3cf625c0394298
devImports: []
